
Microsoft Visual Studio Solution File, Format Version 12.00
# Visual Studio Version 17
VisualStudioVersion = 17.14.36414.22
MinimumVisualStudioVersion = 10.0.40219.1
Project("{2150E333-8FDC-42A3-9474-1A3956D46DE8}") = "1.Domain", "1.Domain", "{02EA681E-C7D8-13C7-8484-4AC65E1B71E8}"
EndProject
Project("{2150E333-8FDC-42A3-9474-1A3956D46DE8}") = "2.Application", "2.Application", "{5A36CD14-28FF-465C-A48F-19900AD4E70F}"
EndProject
Project("{2150E333-8FDC-42A3-9474-1A3956D46DE8}") = "3.Infrastructure", "3.Infrastructure", "{0A6DEEC9-5CAB-40FA-9FF9-61088966BB38}"
EndProject
Project("{2150E333-8FDC-42A3-9474-1A3956D46DE8}") = "4. Presentation", "4. Presentation", "{54072E0C-DC7F-42A4-99E9-C3DF5205A0E3}"
EndProject
Project("{2150E333-8FDC-42A3-9474-1A3956D46DE8}") = "5.Test", "5.Test", "{B5FE67CF-B3DA-47FD-BA5D-5F8D3BDDD94E}"
EndProject
Project("{FAE04EC0-301F-11D3-BF4B-00C04F79EFBC}") = "Entities", "Entites\Entities.csproj", "{073D296A-9492-43B5-8260-AE3EBBCE0AF5}"
EndProject
Project("{FAE04EC0-301F-11D3-BF4B-00C04F79EFBC}") = "Application.Service", "Application.Service\Application.Service.csproj", "{F74F2CAA-61CE-44C1-82BA-BE9D0F607CEB}"
EndProject
Project("{FAE04EC0-301F-11D3-BF4B-00C04F79EFBC}") = "EFCore", "EFCore\EFCore.csproj", "{1777E534-EFC4-4754-BD71-51163AB6143D}"
EndProject
Project("{FAE04EC0-301F-11D3-BF4B-00C04F79EFBC}") = "Enums", "Enums\Enums.csproj", "{6BE97FA5-3CBC-4A70-A2C0-D16E3815F3E2}"
EndProject
Project("{FAE04EC0-301F-11D3-BF4B-00C04F79EFBC}") = "Test", "Test\Test.csproj", "{C22AD7D5-8810-4B93-A680-891F111FB68C}"
EndProject
Project("{FAE04EC0-301F-11D3-BF4B-00C04F79EFBC}") = "TrainingForumIdentity", "TrainingForumIdentity\TrainingForumIdentity.csproj", "{5DF76533-2A43-4C85-A043-9ACA2668EE80}"
EndProject
Global
	GlobalSection(SolutionConfigurationPlatforms) = preSolution
		Debug|Any CPU = Debug|Any CPU
		Release|Any CPU = Release|Any CPU
	EndGlobalSection
	GlobalSection(ProjectConfigurationPlatforms) = postSolution
		{073D296A-9492-43B5-8260-AE3EBBCE0AF5}.Debug|Any CPU.ActiveCfg = Debug|Any CPU
		{073D296A-9492-43B5-8260-AE3EBBCE0AF5}.Debug|Any CPU.Build.0 = Debug|Any CPU
		{073D296A-9492-43B5-8260-AE3EBBCE0AF5}.Release|Any CPU.ActiveCfg = Release|Any CPU
		{073D296A-9492-43B5-8260-AE3EBBCE0AF5}.Release|Any CPU.Build.0 = Release|Any CPU
		{F74F2CAA-61CE-44C1-82BA-BE9D0F607CEB}.Debug|Any CPU.ActiveCfg = Debug|Any CPU
		{F74F2CAA-61CE-44C1-82BA-BE9D0F607CEB}.Debug|Any CPU.Build.0 = Debug|Any CPU
		{F74F2CAA-61CE-44C1-82BA-BE9D0F607CEB}.Release|Any CPU.ActiveCfg = Release|Any CPU
		{F74F2CAA-61CE-44C1-82BA-BE9D0F607CEB}.Release|Any CPU.Build.0 = Release|Any CPU
		{1777E534-EFC4-4754-BD71-51163AB6143D}.Debug|Any CPU.ActiveCfg = Debug|Any CPU
		{1777E534-EFC4-4754-BD71-51163AB6143D}.Debug|Any CPU.Build.0 = Debug|Any CPU
		{1777E534-EFC4-4754-BD71-51163AB6143D}.Release|Any CPU.ActiveCfg = Release|Any CPU
		{1777E534-EFC4-4754-BD71-51163AB6143D}.Release|Any CPU.Build.0 = Release|Any CPU
		{6BE97FA5-3CBC-4A70-A2C0-D16E3815F3E2}.Debug|Any CPU.ActiveCfg = Debug|Any CPU
		{6BE97FA5-3CBC-4A70-A2C0-D16E3815F3E2}.Debug|Any CPU.Build.0 = Debug|Any CPU
		{6BE97FA5-3CBC-4A70-A2C0-D16E3815F3E2}.Release|Any CPU.ActiveCfg = Release|Any CPU
		{6BE97FA5-3CBC-4A70-A2C0-D16E3815F3E2}.Release|Any CPU.Build.0 = Release|Any CPU
		{C22AD7D5-8810-4B93-A680-891F111FB68C}.Debug|Any CPU.ActiveCfg = Debug|Any CPU
		{C22AD7D5-8810-4B93-A680-891F111FB68C}.Debug|Any CPU.Build.0 = Debug|Any CPU
		{C22AD7D5-8810-4B93-A680-891F111FB68C}.Release|Any CPU.ActiveCfg = Release|Any CPU
		{C22AD7D5-8810-4B93-A680-891F111FB68C}.Release|Any CPU.Build.0 = Release|Any CPU
		{5DF76533-2A43-4C85-A043-9ACA2668EE80}.Debug|Any CPU.ActiveCfg = Debug|Any CPU
		{5DF76533-2A43-4C85-A043-9ACA2668EE80}.Debug|Any CPU.Build.0 = Debug|Any CPU
		{5DF76533-2A43-4C85-A043-9ACA2668EE80}.Release|Any CPU.ActiveCfg = Release|Any CPU
		{5DF76533-2A43-4C85-A043-9ACA2668EE80}.Release|Any CPU.Build.0 = Release|Any CPU
	EndGlobalSection
	GlobalSection(SolutionProperties) = preSolution
		HideSolutionNode = FALSE
	EndGlobalSection
	GlobalSection(NestedProjects) = preSolution
		{073D296A-9492-43B5-8260-AE3EBBCE0AF5} = {02EA681E-C7D8-13C7-8484-4AC65E1B71E8}
		{F74F2CAA-61CE-44C1-82BA-BE9D0F607CEB} = {5A36CD14-28FF-465C-A48F-19900AD4E70F}
		{1777E534-EFC4-4754-BD71-51163AB6143D} = {0A6DEEC9-5CAB-40FA-9FF9-61088966BB38}
		{6BE97FA5-3CBC-4A70-A2C0-D16E3815F3E2} = {02EA681E-C7D8-13C7-8484-4AC65E1B71E8}
		{C22AD7D5-8810-4B93-A680-891F111FB68C} = {B5FE67CF-B3DA-47FD-BA5D-5F8D3BDDD94E}
		{5DF76533-2A43-4C85-A043-9ACA2668EE80} = {54072E0C-DC7F-42A4-99E9-C3DF5205A0E3}
	EndGlobalSection
	GlobalSection(ExtensibilityGlobals) = postSolution
		SolutionGuid = {B86172CB-494A-4263-A245-B493FE50AAC9}
	EndGlobalSection
EndGlobal
