
Microsoft Visual Studio Solution File, Format Version 12.00
# Visual Studio Version 17
VisualStudioVersion = 17.14.36414.22 d17.14
MinimumVisualStudioVersion = 10.0.40219.1
Project("{FAE04EC0-301F-11D3-BF4B-00C04F79EFBC}") = "TrainingForum.Web", "TrainingForum.Web\TrainingForum.Web.csproj", "{066C413B-EE44-46F5-9152-EA52D43559E5}"
EndProject
Global
	GlobalSection(SolutionConfigurationPlatforms) = preSolution
		Debug|Any CPU = Debug|Any CPU
		Release|Any CPU = Release|Any CPU
	EndGlobalSection
	GlobalSection(ProjectConfigurationPlatforms) = postSolution
		{066C413B-EE44-46F5-9152-EA52D43559E5}.Debug|Any CPU.ActiveCfg = Debug|Any CPU
		{066C413B-EE44-46F5-9152-EA52D43559E5}.Debug|Any CPU.Build.0 = Debug|Any CPU
		{066C413B-EE44-46F5-9152-EA52D43559E5}.Release|Any CPU.ActiveCfg = Release|Any CPU
		{066C413B-EE44-46F5-9152-EA52D43559E5}.Release|Any CPU.Build.0 = Release|Any CPU
	EndGlobalSection
	GlobalSection(SolutionProperties) = preSolution
		HideSolutionNode = FALSE
	EndGlobalSection
	GlobalSection(ExtensibilityGlobals) = postSolution
		SolutionGuid = {B86172CB-494A-4263-A245-B493FE50AAC9}
	EndGlobalSection
EndGlobal
